
Microsoft Visual Studio Solution File, Format Version 12.00
# Visual Studio Version 17
VisualStudioVersion = 17.8.34408.163
MinimumVisualStudioVersion = 10.0.40219.1
Project("{FAE04EC0-301F-11D3-BF4B-00C04F79EFBC}") = "1_1", "1_1.csproj", "{2FFD4E57-B4CA-4F92-9E46-89CD594D9C18}"
EndProject
Global
	GlobalSection(SolutionConfigurationPlatforms) = preSolution
		Debug|Any CPU = Debug|Any CPU
		Release|Any CPU = Release|Any CPU
	EndGlobalSection
	GlobalSection(ProjectConfigurationPlatforms) = postSolution
		{2FFD4E57-B4CA-4F92-9E46-89CD594D9C18}.Debug|Any CPU.ActiveCfg = Debug|Any CPU
		{2FFD4E57-B4CA-4F92-9E46-89CD594D9C18}.Debug|Any CPU.Build.0 = Debug|Any CPU
		{2FFD4E57-B4CA-4F92-9E46-89CD594D9C18}.Release|Any CPU.ActiveCfg = Release|Any CPU
		{2FFD4E57-B4CA-4F92-9E46-89CD594D9C18}.Release|Any CPU.Build.0 = Release|Any CPU
	EndGlobalSection
	GlobalSection(SolutionProperties) = preSolution
		HideSolutionNode = FALSE
	EndGlobalSection
	GlobalSection(ExtensibilityGlobals) = postSolution
		SolutionGuid = {DAF7B426-D56B-46A7-A0E9-DE1610D79A3E}
	EndGlobalSection
EndGlobal
