
Microsoft Visual Studio Solution File, Format Version 12.00
# Visual Studio Version 17
VisualStudioVersion = 17.8.34408.163
MinimumVisualStudioVersion = 10.0.40219.1
Project("{FAE04EC0-301F-11D3-BF4B-00C04F79EFBC}") = "1_6_test_4", "1_6_test_4.csproj", "{4F92D160-8B47-425B-AECE-7FE15C6ADEFA}"
EndProject
Global
	GlobalSection(SolutionConfigurationPlatforms) = preSolution
		Debug|Any CPU = Debug|Any CPU
		Release|Any CPU = Release|Any CPU
	EndGlobalSection
	GlobalSection(ProjectConfigurationPlatforms) = postSolution
		{4F92D160-8B47-425B-AECE-7FE15C6ADEFA}.Debug|Any CPU.ActiveCfg = Debug|Any CPU
		{4F92D160-8B47-425B-AECE-7FE15C6ADEFA}.Debug|Any CPU.Build.0 = Debug|Any CPU
		{4F92D160-8B47-425B-AECE-7FE15C6ADEFA}.Release|Any CPU.ActiveCfg = Release|Any CPU
		{4F92D160-8B47-425B-AECE-7FE15C6ADEFA}.Release|Any CPU.Build.0 = Release|Any CPU
	EndGlobalSection
	GlobalSection(SolutionProperties) = preSolution
		HideSolutionNode = FALSE
	EndGlobalSection
	GlobalSection(ExtensibilityGlobals) = postSolution
		SolutionGuid = {94C708B8-308C-4E4A-A02D-F924186818B9}
	EndGlobalSection
EndGlobal
